
Microsoft Visual Studio Solution File, Format Version 12.00
# Visual Studio Version 16
VisualStudioVersion = 16.0.30114.105
MinimumVisualStudioVersion = 10.0.40219.1
Project("{FAE04EC0-301F-11D3-BF4B-00C04F79EFBC}") = "R5T.D0039", "R5T.D0039\R5T.D0039.csproj", "{3A66E331-6D2F-4316-BBA3-90FF8C8DE765}"
EndProject
Project("{FAE04EC0-301F-11D3-BF4B-00C04F79EFBC}") = "R5T.D0039.Base", "R5T.D0039.Base\R5T.D0039.Base.csproj", "{78FABA07-972D-4591-8C84-E29D0AC16AB5}"
EndProject
Project("{FAE04EC0-301F-11D3-BF4B-00C04F79EFBC}") = "R5T.D0039.Construction", "R5T.D0039.Construction\R5T.D0039.Construction.csproj", "{CE5DAFE4-CB38-4D53-AD28-24C05B646AF7}"
EndProject
Project("{FAE04EC0-301F-11D3-BF4B-00C04F79EFBC}") = "R5T.D0039.D0031", "R5T.D0039.D0031\R5T.D0039.D0031.csproj", "{1CD6923B-2E39-4492-B41C-DE74C850764B}"
EndProject
Project("{FAE04EC0-301F-11D3-BF4B-00C04F79EFBC}") = "R5T.D0039.Default", "R5T.D0039.Default\R5T.D0039.Default.csproj", "{62333297-B2CF-424C-982B-5B8C2970F759}"
EndProject
Global
	GlobalSection(SolutionConfigurationPlatforms) = preSolution
		Debug|Any CPU = Debug|Any CPU
		Debug|x64 = Debug|x64
		Debug|x86 = Debug|x86
		Release|Any CPU = Release|Any CPU
		Release|x64 = Release|x64
		Release|x86 = Release|x86
	EndGlobalSection
	GlobalSection(SolutionProperties) = preSolution
		HideSolutionNode = FALSE
	EndGlobalSection
	GlobalSection(ProjectConfigurationPlatforms) = postSolution
		{3A66E331-6D2F-4316-BBA3-90FF8C8DE765}.Debug|Any CPU.ActiveCfg = Debug|Any CPU
		{3A66E331-6D2F-4316-BBA3-90FF8C8DE765}.Debug|Any CPU.Build.0 = Debug|Any CPU
		{3A66E331-6D2F-4316-BBA3-90FF8C8DE765}.Debug|x64.ActiveCfg = Debug|Any CPU
		{3A66E331-6D2F-4316-BBA3-90FF8C8DE765}.Debug|x64.Build.0 = Debug|Any CPU
		{3A66E331-6D2F-4316-BBA3-90FF8C8DE765}.Debug|x86.ActiveCfg = Debug|Any CPU
		{3A66E331-6D2F-4316-BBA3-90FF8C8DE765}.Debug|x86.Build.0 = Debug|Any CPU
		{3A66E331-6D2F-4316-BBA3-90FF8C8DE765}.Release|Any CPU.ActiveCfg = Release|Any CPU
		{3A66E331-6D2F-4316-BBA3-90FF8C8DE765}.Release|Any CPU.Build.0 = Release|Any CPU
		{3A66E331-6D2F-4316-BBA3-90FF8C8DE765}.Release|x64.ActiveCfg = Release|Any CPU
		{3A66E331-6D2F-4316-BBA3-90FF8C8DE765}.Release|x64.Build.0 = Release|Any CPU
		{3A66E331-6D2F-4316-BBA3-90FF8C8DE765}.Release|x86.ActiveCfg = Release|Any CPU
		{3A66E331-6D2F-4316-BBA3-90FF8C8DE765}.Release|x86.Build.0 = Release|Any CPU
		{78FABA07-972D-4591-8C84-E29D0AC16AB5}.Debug|Any CPU.ActiveCfg = Debug|Any CPU
		{78FABA07-972D-4591-8C84-E29D0AC16AB5}.Debug|Any CPU.Build.0 = Debug|Any CPU
		{78FABA07-972D-4591-8C84-E29D0AC16AB5}.Debug|x64.ActiveCfg = Debug|Any CPU
		{78FABA07-972D-4591-8C84-E29D0AC16AB5}.Debug|x64.Build.0 = Debug|Any CPU
		{78FABA07-972D-4591-8C84-E29D0AC16AB5}.Debug|x86.ActiveCfg = Debug|Any CPU
		{78FABA07-972D-4591-8C84-E29D0AC16AB5}.Debug|x86.Build.0 = Debug|Any CPU
		{78FABA07-972D-4591-8C84-E29D0AC16AB5}.Release|Any CPU.ActiveCfg = Release|Any CPU
		{78FABA07-972D-4591-8C84-E29D0AC16AB5}.Release|Any CPU.Build.0 = Release|Any CPU
		{78FABA07-972D-4591-8C84-E29D0AC16AB5}.Release|x64.ActiveCfg = Release|Any CPU
		{78FABA07-972D-4591-8C84-E29D0AC16AB5}.Release|x64.Build.0 = Release|Any CPU
		{78FABA07-972D-4591-8C84-E29D0AC16AB5}.Release|x86.ActiveCfg = Release|Any CPU
		{78FABA07-972D-4591-8C84-E29D0AC16AB5}.Release|x86.Build.0 = Release|Any CPU
		{CE5DAFE4-CB38-4D53-AD28-24C05B646AF7}.Debug|Any CPU.ActiveCfg = Debug|Any CPU
		{CE5DAFE4-CB38-4D53-AD28-24C05B646AF7}.Debug|Any CPU.Build.0 = Debug|Any CPU
		{CE5DAFE4-CB38-4D53-AD28-24C05B646AF7}.Debug|x64.ActiveCfg = Debug|Any CPU
		{CE5DAFE4-CB38-4D53-AD28-24C05B646AF7}.Debug|x64.Build.0 = Debug|Any CPU
		{CE5DAFE4-CB38-4D53-AD28-24C05B646AF7}.Debug|x86.ActiveCfg = Debug|Any CPU
		{CE5DAFE4-CB38-4D53-AD28-24C05B646AF7}.Debug|x86.Build.0 = Debug|Any CPU
		{CE5DAFE4-CB38-4D53-AD28-24C05B646AF7}.Release|Any CPU.ActiveCfg = Release|Any CPU
		{CE5DAFE4-CB38-4D53-AD28-24C05B646AF7}.Release|Any CPU.Build.0 = Release|Any CPU
		{CE5DAFE4-CB38-4D53-AD28-24C05B646AF7}.Release|x64.ActiveCfg = Release|Any CPU
		{CE5DAFE4-CB38-4D53-AD28-24C05B646AF7}.Release|x64.Build.0 = Release|Any CPU
		{CE5DAFE4-CB38-4D53-AD28-24C05B646AF7}.Release|x86.ActiveCfg = Release|Any CPU
		{CE5DAFE4-CB38-4D53-AD28-24C05B646AF7}.Release|x86.Build.0 = Release|Any CPU
		{1CD6923B-2E39-4492-B41C-DE74C850764B}.Debug|Any CPU.ActiveCfg = Debug|Any CPU
		{1CD6923B-2E39-4492-B41C-DE74C850764B}.Debug|Any CPU.Build.0 = Debug|Any CPU
		{1CD6923B-2E39-4492-B41C-DE74C850764B}.Debug|x64.ActiveCfg = Debug|Any CPU
		{1CD6923B-2E39-4492-B41C-DE74C850764B}.Debug|x64.Build.0 = Debug|Any CPU
		{1CD6923B-2E39-4492-B41C-DE74C850764B}.Debug|x86.ActiveCfg = Debug|Any CPU
		{1CD6923B-2E39-4492-B41C-DE74C850764B}.Debug|x86.Build.0 = Debug|Any CPU
		{1CD6923B-2E39-4492-B41C-DE74C850764B}.Release|Any CPU.ActiveCfg = Release|Any CPU
		{1CD6923B-2E39-4492-B41C-DE74C850764B}.Release|Any CPU.Build.0 = Release|Any CPU
		{1CD6923B-2E39-4492-B41C-DE74C850764B}.Release|x64.ActiveCfg = Release|Any CPU
		{1CD6923B-2E39-4492-B41C-DE74C850764B}.Release|x64.Build.0 = Release|Any CPU
		{1CD6923B-2E39-4492-B41C-DE74C850764B}.Release|x86.ActiveCfg = Release|Any CPU
		{1CD6923B-2E39-4492-B41C-DE74C850764B}.Release|x86.Build.0 = Release|Any CPU
		{62333297-B2CF-424C-982B-5B8C2970F759}.Debug|Any CPU.ActiveCfg = Debug|Any CPU
		{62333297-B2CF-424C-982B-5B8C2970F759}.Debug|Any CPU.Build.0 = Debug|Any CPU
		{62333297-B2CF-424C-982B-5B8C2970F759}.Debug|x64.ActiveCfg = Debug|Any CPU
		{62333297-B2CF-424C-982B-5B8C2970F759}.Debug|x64.Build.0 = Debug|Any CPU
		{62333297-B2CF-424C-982B-5B8C2970F759}.Debug|x86.ActiveCfg = Debug|Any CPU
		{62333297-B2CF-424C-982B-5B8C2970F759}.Debug|x86.Build.0 = Debug|Any CPU
		{62333297-B2CF-424C-982B-5B8C2970F759}.Release|Any CPU.ActiveCfg = Release|Any CPU
		{62333297-B2CF-424C-982B-5B8C2970F759}.Release|Any CPU.Build.0 = Release|Any CPU
		{62333297-B2CF-424C-982B-5B8C2970F759}.Release|x64.ActiveCfg = Release|Any CPU
		{62333297-B2CF-424C-982B-5B8C2970F759}.Release|x64.Build.0 = Release|Any CPU
		{62333297-B2CF-424C-982B-5B8C2970F759}.Release|x86.ActiveCfg = Release|Any CPU
		{62333297-B2CF-424C-982B-5B8C2970F759}.Release|x86.Build.0 = Release|Any CPU
	EndGlobalSection
EndGlobal
