
Microsoft Visual Studio Solution File, Format Version 12.00
# Visual Studio 15
VisualStudioVersion = 15.0.26124.0
MinimumVisualStudioVersion = 15.0.26124.0
Project("{9A19103F-16F7-4668-BE54-9A1E7A4F7556}") = "R5T.D0039.Construction", "R5T.D0039.Construction\R5T.D0039.Construction.csproj", "{E156880D-FD8E-4672-A073-BFCF846E95D8}"
EndProject
Project("{9A19103F-16F7-4668-BE54-9A1E7A4F7556}") = "R5T.D0039", "R5T.D0039\R5T.D0039.csproj", "{0ACDC1CF-1C8F-4DAD-92A2-6B13FA6A4A78}"
EndProject
Project("{2150E333-8FDC-42A3-9474-1A3956D46DE8}") = "_Dependencies", "_Dependencies", "{B7AED3EB-C547-42B8-A1F4-36D575E418C9}"
EndProject
Project("{9A19103F-16F7-4668-BE54-9A1E7A4F7556}") = "R5T.T0010", "..\..\R5T.T0010\source\R5T.T0010\R5T.T0010.csproj", "{FD1665E3-D072-4E0F-AE27-3229FCAFDC9F}"
EndProject
Project("{9A19103F-16F7-4668-BE54-9A1E7A4F7556}") = "R5T.Stagira", "..\..\R5T.Stagira\source\R5T.Stagira\R5T.Stagira.csproj", "{EB0B9E51-1BC6-4602-9E7F-C8D3DEE9167F}"
EndProject
Project("{9A19103F-16F7-4668-BE54-9A1E7A4F7556}") = "R5T.D0039.Base", "R5T.D0039.Base\R5T.D0039.Base.csproj", "{F789108B-329E-4E3E-BE9F-F296A03254BE}"
EndProject
Project("{9A19103F-16F7-4668-BE54-9A1E7A4F7556}") = "R5T.D0039.Default", "R5T.D0039.Default\R5T.D0039.Default.csproj", "{B4A3C989-9CBF-4D9C-9373-6A75D15DCE52}"
EndProject
Project("{9A19103F-16F7-4668-BE54-9A1E7A4F7556}") = "R5T.Dacia.Extensions", "..\..\R5T.Dacia.Extensions\source\R5T.Dacia.Extensions\R5T.Dacia.Extensions.csproj", "{60B804AA-F95A-4DC1-875C-4766879D6BE6}"
EndProject
Project("{9A19103F-16F7-4668-BE54-9A1E7A4F7556}") = "R5T.Dacia", "..\..\R5T.Dacia\source\R5T.Dacia\R5T.Dacia.csproj", "{0B824CE4-F5A2-48E0-8A97-6255DD1BD30C}"
EndProject
Project("{FAE04EC0-301F-11D3-BF4B-00C04F79EFBC}") = "R5T.D0039.D0031", "R5T.D0039.D0031\R5T.D0039.D0031.csproj", "{9F385869-4A23-4BA9-887F-4ECEF0DDB25D}"
EndProject
Project("{9A19103F-16F7-4668-BE54-9A1E7A4F7556}") = "R5T.D0031.Base", "..\..\R5T.D0031\source\R5T.D0031.Base\R5T.D0031.Base.csproj", "{87C953F0-66E3-4C89-9A6A-B7EE8262E0A5}"
EndProject
Project("{9A19103F-16F7-4668-BE54-9A1E7A4F7556}") = "R5T.Magyar", "..\..\R5T.Magyar\source\R5T.Magyar\R5T.Magyar.csproj", "{4FC1430D-3AF3-44A9-8522-5F502C56D728}"
EndProject
Project("{9A19103F-16F7-4668-BE54-9A1E7A4F7556}") = "R5T.Lombardy.Base", "..\..\R5T.Lombardy.Base\source\R5T.Lombardy.Base\R5T.Lombardy.Base.csproj", "{5D7C3709-31C7-489A-BD54-6E38DC32534B}"
EndProject
Global
	GlobalSection(SolutionConfigurationPlatforms) = preSolution
		Debug|Any CPU = Debug|Any CPU
		Debug|x64 = Debug|x64
		Debug|x86 = Debug|x86
		Release|Any CPU = Release|Any CPU
		Release|x64 = Release|x64
		Release|x86 = Release|x86
	EndGlobalSection
	GlobalSection(ProjectConfigurationPlatforms) = postSolution
		{E156880D-FD8E-4672-A073-BFCF846E95D8}.Debug|Any CPU.ActiveCfg = Debug|Any CPU
		{E156880D-FD8E-4672-A073-BFCF846E95D8}.Debug|Any CPU.Build.0 = Debug|Any CPU
		{E156880D-FD8E-4672-A073-BFCF846E95D8}.Debug|x64.ActiveCfg = Debug|Any CPU
		{E156880D-FD8E-4672-A073-BFCF846E95D8}.Debug|x64.Build.0 = Debug|Any CPU
		{E156880D-FD8E-4672-A073-BFCF846E95D8}.Debug|x86.ActiveCfg = Debug|Any CPU
		{E156880D-FD8E-4672-A073-BFCF846E95D8}.Debug|x86.Build.0 = Debug|Any CPU
		{E156880D-FD8E-4672-A073-BFCF846E95D8}.Release|Any CPU.ActiveCfg = Release|Any CPU
		{E156880D-FD8E-4672-A073-BFCF846E95D8}.Release|Any CPU.Build.0 = Release|Any CPU
		{E156880D-FD8E-4672-A073-BFCF846E95D8}.Release|x64.ActiveCfg = Release|Any CPU
		{E156880D-FD8E-4672-A073-BFCF846E95D8}.Release|x64.Build.0 = Release|Any CPU
		{E156880D-FD8E-4672-A073-BFCF846E95D8}.Release|x86.ActiveCfg = Release|Any CPU
		{E156880D-FD8E-4672-A073-BFCF846E95D8}.Release|x86.Build.0 = Release|Any CPU
		{0ACDC1CF-1C8F-4DAD-92A2-6B13FA6A4A78}.Debug|Any CPU.ActiveCfg = Debug|Any CPU
		{0ACDC1CF-1C8F-4DAD-92A2-6B13FA6A4A78}.Debug|Any CPU.Build.0 = Debug|Any CPU
		{0ACDC1CF-1C8F-4DAD-92A2-6B13FA6A4A78}.Debug|x64.ActiveCfg = Debug|Any CPU
		{0ACDC1CF-1C8F-4DAD-92A2-6B13FA6A4A78}.Debug|x64.Build.0 = Debug|Any CPU
		{0ACDC1CF-1C8F-4DAD-92A2-6B13FA6A4A78}.Debug|x86.ActiveCfg = Debug|Any CPU
		{0ACDC1CF-1C8F-4DAD-92A2-6B13FA6A4A78}.Debug|x86.Build.0 = Debug|Any CPU
		{0ACDC1CF-1C8F-4DAD-92A2-6B13FA6A4A78}.Release|Any CPU.ActiveCfg = Release|Any CPU
		{0ACDC1CF-1C8F-4DAD-92A2-6B13FA6A4A78}.Release|Any CPU.Build.0 = Release|Any CPU
		{0ACDC1CF-1C8F-4DAD-92A2-6B13FA6A4A78}.Release|x64.ActiveCfg = Release|Any CPU
		{0ACDC1CF-1C8F-4DAD-92A2-6B13FA6A4A78}.Release|x64.Build.0 = Release|Any CPU
		{0ACDC1CF-1C8F-4DAD-92A2-6B13FA6A4A78}.Release|x86.ActiveCfg = Release|Any CPU
		{0ACDC1CF-1C8F-4DAD-92A2-6B13FA6A4A78}.Release|x86.Build.0 = Release|Any CPU
		{FD1665E3-D072-4E0F-AE27-3229FCAFDC9F}.Debug|Any CPU.ActiveCfg = Debug|Any CPU
		{FD1665E3-D072-4E0F-AE27-3229FCAFDC9F}.Debug|Any CPU.Build.0 = Debug|Any CPU
		{FD1665E3-D072-4E0F-AE27-3229FCAFDC9F}.Debug|x64.ActiveCfg = Debug|Any CPU
		{FD1665E3-D072-4E0F-AE27-3229FCAFDC9F}.Debug|x64.Build.0 = Debug|Any CPU
		{FD1665E3-D072-4E0F-AE27-3229FCAFDC9F}.Debug|x86.ActiveCfg = Debug|Any CPU
		{FD1665E3-D072-4E0F-AE27-3229FCAFDC9F}.Debug|x86.Build.0 = Debug|Any CPU
		{FD1665E3-D072-4E0F-AE27-3229FCAFDC9F}.Release|Any CPU.ActiveCfg = Release|Any CPU
		{FD1665E3-D072-4E0F-AE27-3229FCAFDC9F}.Release|Any CPU.Build.0 = Release|Any CPU
		{FD1665E3-D072-4E0F-AE27-3229FCAFDC9F}.Release|x64.ActiveCfg = Release|Any CPU
		{FD1665E3-D072-4E0F-AE27-3229FCAFDC9F}.Release|x64.Build.0 = Release|Any CPU
		{FD1665E3-D072-4E0F-AE27-3229FCAFDC9F}.Release|x86.ActiveCfg = Release|Any CPU
		{FD1665E3-D072-4E0F-AE27-3229FCAFDC9F}.Release|x86.Build.0 = Release|Any CPU
		{EB0B9E51-1BC6-4602-9E7F-C8D3DEE9167F}.Debug|Any CPU.ActiveCfg = Debug|Any CPU
		{EB0B9E51-1BC6-4602-9E7F-C8D3DEE9167F}.Debug|Any CPU.Build.0 = Debug|Any CPU
		{EB0B9E51-1BC6-4602-9E7F-C8D3DEE9167F}.Debug|x64.ActiveCfg = Debug|Any CPU
		{EB0B9E51-1BC6-4602-9E7F-C8D3DEE9167F}.Debug|x64.Build.0 = Debug|Any CPU
		{EB0B9E51-1BC6-4602-9E7F-C8D3DEE9167F}.Debug|x86.ActiveCfg = Debug|Any CPU
		{EB0B9E51-1BC6-4602-9E7F-C8D3DEE9167F}.Debug|x86.Build.0 = Debug|Any CPU
		{EB0B9E51-1BC6-4602-9E7F-C8D3DEE9167F}.Release|Any CPU.ActiveCfg = Release|Any CPU
		{EB0B9E51-1BC6-4602-9E7F-C8D3DEE9167F}.Release|Any CPU.Build.0 = Release|Any CPU
		{EB0B9E51-1BC6-4602-9E7F-C8D3DEE9167F}.Release|x64.ActiveCfg = Release|Any CPU
		{EB0B9E51-1BC6-4602-9E7F-C8D3DEE9167F}.Release|x64.Build.0 = Release|Any CPU
		{EB0B9E51-1BC6-4602-9E7F-C8D3DEE9167F}.Release|x86.ActiveCfg = Release|Any CPU
		{EB0B9E51-1BC6-4602-9E7F-C8D3DEE9167F}.Release|x86.Build.0 = Release|Any CPU
		{F789108B-329E-4E3E-BE9F-F296A03254BE}.Debug|Any CPU.ActiveCfg = Debug|Any CPU
		{F789108B-329E-4E3E-BE9F-F296A03254BE}.Debug|Any CPU.Build.0 = Debug|Any CPU
		{F789108B-329E-4E3E-BE9F-F296A03254BE}.Debug|x64.ActiveCfg = Debug|Any CPU
		{F789108B-329E-4E3E-BE9F-F296A03254BE}.Debug|x64.Build.0 = Debug|Any CPU
		{F789108B-329E-4E3E-BE9F-F296A03254BE}.Debug|x86.ActiveCfg = Debug|Any CPU
		{F789108B-329E-4E3E-BE9F-F296A03254BE}.Debug|x86.Build.0 = Debug|Any CPU
		{F789108B-329E-4E3E-BE9F-F296A03254BE}.Release|Any CPU.ActiveCfg = Release|Any CPU
		{F789108B-329E-4E3E-BE9F-F296A03254BE}.Release|Any CPU.Build.0 = Release|Any CPU
		{F789108B-329E-4E3E-BE9F-F296A03254BE}.Release|x64.ActiveCfg = Release|Any CPU
		{F789108B-329E-4E3E-BE9F-F296A03254BE}.Release|x64.Build.0 = Release|Any CPU
		{F789108B-329E-4E3E-BE9F-F296A03254BE}.Release|x86.ActiveCfg = Release|Any CPU
		{F789108B-329E-4E3E-BE9F-F296A03254BE}.Release|x86.Build.0 = Release|Any CPU
		{B4A3C989-9CBF-4D9C-9373-6A75D15DCE52}.Debug|Any CPU.ActiveCfg = Debug|Any CPU
		{B4A3C989-9CBF-4D9C-9373-6A75D15DCE52}.Debug|Any CPU.Build.0 = Debug|Any CPU
		{B4A3C989-9CBF-4D9C-9373-6A75D15DCE52}.Debug|x64.ActiveCfg = Debug|Any CPU
		{B4A3C989-9CBF-4D9C-9373-6A75D15DCE52}.Debug|x64.Build.0 = Debug|Any CPU
		{B4A3C989-9CBF-4D9C-9373-6A75D15DCE52}.Debug|x86.ActiveCfg = Debug|Any CPU
		{B4A3C989-9CBF-4D9C-9373-6A75D15DCE52}.Debug|x86.Build.0 = Debug|Any CPU
		{B4A3C989-9CBF-4D9C-9373-6A75D15DCE52}.Release|Any CPU.ActiveCfg = Release|Any CPU
		{B4A3C989-9CBF-4D9C-9373-6A75D15DCE52}.Release|Any CPU.Build.0 = Release|Any CPU
		{B4A3C989-9CBF-4D9C-9373-6A75D15DCE52}.Release|x64.ActiveCfg = Release|Any CPU
		{B4A3C989-9CBF-4D9C-9373-6A75D15DCE52}.Release|x64.Build.0 = Release|Any CPU
		{B4A3C989-9CBF-4D9C-9373-6A75D15DCE52}.Release|x86.ActiveCfg = Release|Any CPU
		{B4A3C989-9CBF-4D9C-9373-6A75D15DCE52}.Release|x86.Build.0 = Release|Any CPU
		{60B804AA-F95A-4DC1-875C-4766879D6BE6}.Debug|Any CPU.ActiveCfg = Debug|Any CPU
		{60B804AA-F95A-4DC1-875C-4766879D6BE6}.Debug|Any CPU.Build.0 = Debug|Any CPU
		{60B804AA-F95A-4DC1-875C-4766879D6BE6}.Debug|x64.ActiveCfg = Debug|Any CPU
		{60B804AA-F95A-4DC1-875C-4766879D6BE6}.Debug|x64.Build.0 = Debug|Any CPU
		{60B804AA-F95A-4DC1-875C-4766879D6BE6}.Debug|x86.ActiveCfg = Debug|Any CPU
		{60B804AA-F95A-4DC1-875C-4766879D6BE6}.Debug|x86.Build.0 = Debug|Any CPU
		{60B804AA-F95A-4DC1-875C-4766879D6BE6}.Release|Any CPU.ActiveCfg = Release|Any CPU
		{60B804AA-F95A-4DC1-875C-4766879D6BE6}.Release|Any CPU.Build.0 = Release|Any CPU
		{60B804AA-F95A-4DC1-875C-4766879D6BE6}.Release|x64.ActiveCfg = Release|Any CPU
		{60B804AA-F95A-4DC1-875C-4766879D6BE6}.Release|x64.Build.0 = Release|Any CPU
		{60B804AA-F95A-4DC1-875C-4766879D6BE6}.Release|x86.ActiveCfg = Release|Any CPU
		{60B804AA-F95A-4DC1-875C-4766879D6BE6}.Release|x86.Build.0 = Release|Any CPU
		{0B824CE4-F5A2-48E0-8A97-6255DD1BD30C}.Debug|Any CPU.ActiveCfg = Debug|Any CPU
		{0B824CE4-F5A2-48E0-8A97-6255DD1BD30C}.Debug|Any CPU.Build.0 = Debug|Any CPU
		{0B824CE4-F5A2-48E0-8A97-6255DD1BD30C}.Debug|x64.ActiveCfg = Debug|Any CPU
		{0B824CE4-F5A2-48E0-8A97-6255DD1BD30C}.Debug|x64.Build.0 = Debug|Any CPU
		{0B824CE4-F5A2-48E0-8A97-6255DD1BD30C}.Debug|x86.ActiveCfg = Debug|Any CPU
		{0B824CE4-F5A2-48E0-8A97-6255DD1BD30C}.Debug|x86.Build.0 = Debug|Any CPU
		{0B824CE4-F5A2-48E0-8A97-6255DD1BD30C}.Release|Any CPU.ActiveCfg = Release|Any CPU
		{0B824CE4-F5A2-48E0-8A97-6255DD1BD30C}.Release|Any CPU.Build.0 = Release|Any CPU
		{0B824CE4-F5A2-48E0-8A97-6255DD1BD30C}.Release|x64.ActiveCfg = Release|Any CPU
		{0B824CE4-F5A2-48E0-8A97-6255DD1BD30C}.Release|x64.Build.0 = Release|Any CPU
		{0B824CE4-F5A2-48E0-8A97-6255DD1BD30C}.Release|x86.ActiveCfg = Release|Any CPU
		{0B824CE4-F5A2-48E0-8A97-6255DD1BD30C}.Release|x86.Build.0 = Release|Any CPU
		{9F385869-4A23-4BA9-887F-4ECEF0DDB25D}.Debug|Any CPU.ActiveCfg = Debug|Any CPU
		{9F385869-4A23-4BA9-887F-4ECEF0DDB25D}.Debug|Any CPU.Build.0 = Debug|Any CPU
		{9F385869-4A23-4BA9-887F-4ECEF0DDB25D}.Debug|x64.ActiveCfg = Debug|Any CPU
		{9F385869-4A23-4BA9-887F-4ECEF0DDB25D}.Debug|x64.Build.0 = Debug|Any CPU
		{9F385869-4A23-4BA9-887F-4ECEF0DDB25D}.Debug|x86.ActiveCfg = Debug|Any CPU
		{9F385869-4A23-4BA9-887F-4ECEF0DDB25D}.Debug|x86.Build.0 = Debug|Any CPU
		{9F385869-4A23-4BA9-887F-4ECEF0DDB25D}.Release|Any CPU.ActiveCfg = Release|Any CPU
		{9F385869-4A23-4BA9-887F-4ECEF0DDB25D}.Release|Any CPU.Build.0 = Release|Any CPU
		{9F385869-4A23-4BA9-887F-4ECEF0DDB25D}.Release|x64.ActiveCfg = Release|Any CPU
		{9F385869-4A23-4BA9-887F-4ECEF0DDB25D}.Release|x64.Build.0 = Release|Any CPU
		{9F385869-4A23-4BA9-887F-4ECEF0DDB25D}.Release|x86.ActiveCfg = Release|Any CPU
		{9F385869-4A23-4BA9-887F-4ECEF0DDB25D}.Release|x86.Build.0 = Release|Any CPU
		{87C953F0-66E3-4C89-9A6A-B7EE8262E0A5}.Debug|Any CPU.ActiveCfg = Debug|Any CPU
		{87C953F0-66E3-4C89-9A6A-B7EE8262E0A5}.Debug|Any CPU.Build.0 = Debug|Any CPU
		{87C953F0-66E3-4C89-9A6A-B7EE8262E0A5}.Debug|x64.ActiveCfg = Debug|Any CPU
		{87C953F0-66E3-4C89-9A6A-B7EE8262E0A5}.Debug|x64.Build.0 = Debug|Any CPU
		{87C953F0-66E3-4C89-9A6A-B7EE8262E0A5}.Debug|x86.ActiveCfg = Debug|Any CPU
		{87C953F0-66E3-4C89-9A6A-B7EE8262E0A5}.Debug|x86.Build.0 = Debug|Any CPU
		{87C953F0-66E3-4C89-9A6A-B7EE8262E0A5}.Release|Any CPU.ActiveCfg = Release|Any CPU
		{87C953F0-66E3-4C89-9A6A-B7EE8262E0A5}.Release|Any CPU.Build.0 = Release|Any CPU
		{87C953F0-66E3-4C89-9A6A-B7EE8262E0A5}.Release|x64.ActiveCfg = Release|Any CPU
		{87C953F0-66E3-4C89-9A6A-B7EE8262E0A5}.Release|x64.Build.0 = Release|Any CPU
		{87C953F0-66E3-4C89-9A6A-B7EE8262E0A5}.Release|x86.ActiveCfg = Release|Any CPU
		{87C953F0-66E3-4C89-9A6A-B7EE8262E0A5}.Release|x86.Build.0 = Release|Any CPU
		{4FC1430D-3AF3-44A9-8522-5F502C56D728}.Debug|Any CPU.ActiveCfg = Debug|Any CPU
		{4FC1430D-3AF3-44A9-8522-5F502C56D728}.Debug|Any CPU.Build.0 = Debug|Any CPU
		{4FC1430D-3AF3-44A9-8522-5F502C56D728}.Debug|x64.ActiveCfg = Debug|Any CPU
		{4FC1430D-3AF3-44A9-8522-5F502C56D728}.Debug|x64.Build.0 = Debug|Any CPU
		{4FC1430D-3AF3-44A9-8522-5F502C56D728}.Debug|x86.ActiveCfg = Debug|Any CPU
		{4FC1430D-3AF3-44A9-8522-5F502C56D728}.Debug|x86.Build.0 = Debug|Any CPU
		{4FC1430D-3AF3-44A9-8522-5F502C56D728}.Release|Any CPU.ActiveCfg = Release|Any CPU
		{4FC1430D-3AF3-44A9-8522-5F502C56D728}.Release|Any CPU.Build.0 = Release|Any CPU
		{4FC1430D-3AF3-44A9-8522-5F502C56D728}.Release|x64.ActiveCfg = Release|Any CPU
		{4FC1430D-3AF3-44A9-8522-5F502C56D728}.Release|x64.Build.0 = Release|Any CPU
		{4FC1430D-3AF3-44A9-8522-5F502C56D728}.Release|x86.ActiveCfg = Release|Any CPU
		{4FC1430D-3AF3-44A9-8522-5F502C56D728}.Release|x86.Build.0 = Release|Any CPU
		{5D7C3709-31C7-489A-BD54-6E38DC32534B}.Debug|Any CPU.ActiveCfg = Debug|Any CPU
		{5D7C3709-31C7-489A-BD54-6E38DC32534B}.Debug|Any CPU.Build.0 = Debug|Any CPU
		{5D7C3709-31C7-489A-BD54-6E38DC32534B}.Debug|x64.ActiveCfg = Debug|Any CPU
		{5D7C3709-31C7-489A-BD54-6E38DC32534B}.Debug|x64.Build.0 = Debug|Any CPU
		{5D7C3709-31C7-489A-BD54-6E38DC32534B}.Debug|x86.ActiveCfg = Debug|Any CPU
		{5D7C3709-31C7-489A-BD54-6E38DC32534B}.Debug|x86.Build.0 = Debug|Any CPU
		{5D7C3709-31C7-489A-BD54-6E38DC32534B}.Release|Any CPU.ActiveCfg = Release|Any CPU
		{5D7C3709-31C7-489A-BD54-6E38DC32534B}.Release|Any CPU.Build.0 = Release|Any CPU
		{5D7C3709-31C7-489A-BD54-6E38DC32534B}.Release|x64.ActiveCfg = Release|Any CPU
		{5D7C3709-31C7-489A-BD54-6E38DC32534B}.Release|x64.Build.0 = Release|Any CPU
		{5D7C3709-31C7-489A-BD54-6E38DC32534B}.Release|x86.ActiveCfg = Release|Any CPU
		{5D7C3709-31C7-489A-BD54-6E38DC32534B}.Release|x86.Build.0 = Release|Any CPU
	EndGlobalSection
	GlobalSection(SolutionProperties) = preSolution
		HideSolutionNode = FALSE
	EndGlobalSection
	GlobalSection(NestedProjects) = preSolution
		{FD1665E3-D072-4E0F-AE27-3229FCAFDC9F} = {B7AED3EB-C547-42B8-A1F4-36D575E418C9}
		{EB0B9E51-1BC6-4602-9E7F-C8D3DEE9167F} = {B7AED3EB-C547-42B8-A1F4-36D575E418C9}
		{60B804AA-F95A-4DC1-875C-4766879D6BE6} = {B7AED3EB-C547-42B8-A1F4-36D575E418C9}
		{0B824CE4-F5A2-48E0-8A97-6255DD1BD30C} = {B7AED3EB-C547-42B8-A1F4-36D575E418C9}
		{87C953F0-66E3-4C89-9A6A-B7EE8262E0A5} = {B7AED3EB-C547-42B8-A1F4-36D575E418C9}
		{4FC1430D-3AF3-44A9-8522-5F502C56D728} = {B7AED3EB-C547-42B8-A1F4-36D575E418C9}
		{5D7C3709-31C7-489A-BD54-6E38DC32534B} = {B7AED3EB-C547-42B8-A1F4-36D575E418C9}
	EndGlobalSection
	GlobalSection(ExtensibilityGlobals) = postSolution
		SolutionGuid = {4E545951-7265-45AE-A9C1-496FEA73C71A}
	EndGlobalSection
EndGlobal
